
Microsoft Visual Studio Solution File, Format Version 12.00
# Visual Studio Version 17
VisualStudioVersion = 17.10.34928.147
MinimumVisualStudioVersion = 10.0.40219.1
Project("{FAE04EC0-301F-11D3-BF4B-00C04F79EFBC}") = "BlazorApp1", "BlazorApp1\BlazorApp1\BlazorApp1.csproj", "{64B67FBE-002D-4F6A-96E3-2DBDF1AA1ABF}"
EndProject
Project("{FAE04EC0-301F-11D3-BF4B-00C04F79EFBC}") = "BlazorApp1.Client", "BlazorApp1\BlazorApp1.Client\BlazorApp1.Client.csproj", "{BEBF3F31-9B68-4A4E-8C16-8A927B3E54D0}"
EndProject
Global
	GlobalSection(SolutionConfigurationPlatforms) = preSolution
		Debug|Any CPU = Debug|Any CPU
		Release|Any CPU = Release|Any CPU
	EndGlobalSection
	GlobalSection(ProjectConfigurationPlatforms) = postSolution
		{64B67FBE-002D-4F6A-96E3-2DBDF1AA1ABF}.Debug|Any CPU.ActiveCfg = Debug|Any CPU
		{64B67FBE-002D-4F6A-96E3-2DBDF1AA1ABF}.Debug|Any CPU.Build.0 = Debug|Any CPU
		{64B67FBE-002D-4F6A-96E3-2DBDF1AA1ABF}.Release|Any CPU.ActiveCfg = Release|Any CPU
		{64B67FBE-002D-4F6A-96E3-2DBDF1AA1ABF}.Release|Any CPU.Build.0 = Release|Any CPU
		{BEBF3F31-9B68-4A4E-8C16-8A927B3E54D0}.Debug|Any CPU.ActiveCfg = Debug|Any CPU
		{BEBF3F31-9B68-4A4E-8C16-8A927B3E54D0}.Debug|Any CPU.Build.0 = Debug|Any CPU
		{BEBF3F31-9B68-4A4E-8C16-8A927B3E54D0}.Release|Any CPU.ActiveCfg = Release|Any CPU
		{BEBF3F31-9B68-4A4E-8C16-8A927B3E54D0}.Release|Any CPU.Build.0 = Release|Any CPU
	EndGlobalSection
	GlobalSection(SolutionProperties) = preSolution
		HideSolutionNode = FALSE
	EndGlobalSection
	GlobalSection(ExtensibilityGlobals) = postSolution
		SolutionGuid = {3A862A43-8673-4F11-97F7-9723800D804C}
	EndGlobalSection
EndGlobal
